
Microsoft Visual Studio Solution File, Format Version 12.00
# Visual Studio Version 17
VisualStudioVersion = 17.6.33815.320
MinimumVisualStudioVersion = 10.0.40219.1
Project("{9A19103F-16F7-4668-BE54-9A1E7A4F7556}") = "EnumVisitorGenerator", "EnumVisitorGenerator\EnumVisitorGenerator.csproj", "{092ADA8D-3821-4C83-8B08-1120EF698E23}"
EndProject
Project("{FAE04EC0-301F-11D3-BF4B-00C04F79EFBC}") = "EnumVisitorGenerator.Tests", "EnumVisitorGenerator.Tests\EnumVisitorGenerator.Tests.csproj", "{5F62867F-1135-455F-BF14-DA1ED162BFEC}"
EndProject
Project("{FAE04EC0-301F-11D3-BF4B-00C04F79EFBC}") = "EnumVisitorGenerator.IntegrationTests", "EnumVisitorGenerator.IntegrationTests\EnumVisitorGenerator.IntegrationTests.csproj", "{00A1876B-B6F7-48A7-97C6-4F1B1F596F5E}"
EndProject
Global
	GlobalSection(SolutionConfigurationPlatforms) = preSolution
		Debug|Any CPU = Debug|Any CPU
		Release|Any CPU = Release|Any CPU
	EndGlobalSection
	GlobalSection(ProjectConfigurationPlatforms) = postSolution
		{092ADA8D-3821-4C83-8B08-1120EF698E23}.Debug|Any CPU.ActiveCfg = Debug|Any CPU
		{092ADA8D-3821-4C83-8B08-1120EF698E23}.Debug|Any CPU.Build.0 = Debug|Any CPU
		{092ADA8D-3821-4C83-8B08-1120EF698E23}.Release|Any CPU.ActiveCfg = Release|Any CPU
		{092ADA8D-3821-4C83-8B08-1120EF698E23}.Release|Any CPU.Build.0 = Release|Any CPU
		{5F62867F-1135-455F-BF14-DA1ED162BFEC}.Debug|Any CPU.ActiveCfg = Debug|Any CPU
		{5F62867F-1135-455F-BF14-DA1ED162BFEC}.Debug|Any CPU.Build.0 = Debug|Any CPU
		{5F62867F-1135-455F-BF14-DA1ED162BFEC}.Release|Any CPU.ActiveCfg = Release|Any CPU
		{5F62867F-1135-455F-BF14-DA1ED162BFEC}.Release|Any CPU.Build.0 = Release|Any CPU
		{00A1876B-B6F7-48A7-97C6-4F1B1F596F5E}.Debug|Any CPU.ActiveCfg = Debug|Any CPU
		{00A1876B-B6F7-48A7-97C6-4F1B1F596F5E}.Debug|Any CPU.Build.0 = Debug|Any CPU
		{00A1876B-B6F7-48A7-97C6-4F1B1F596F5E}.Release|Any CPU.ActiveCfg = Release|Any CPU
		{00A1876B-B6F7-48A7-97C6-4F1B1F596F5E}.Release|Any CPU.Build.0 = Release|Any CPU
	EndGlobalSection
	GlobalSection(SolutionProperties) = preSolution
		HideSolutionNode = FALSE
	EndGlobalSection
	GlobalSection(ExtensibilityGlobals) = postSolution
		SolutionGuid = {552BBCA4-61FA-40DC-8852-8A6D2510A810}
	EndGlobalSection
EndGlobal
